// !$*UTF8*$!
{
	archiveVersion = 1;
	classes = {
	};
	objectVersion = 46;
	objects = {

/* Begin PBXBuildFile section */
		08D82EEA1DDC75D55DB9D1F9 /* Pods_Cal.framework in Frameworks */ = {isa = PBXBuildFile; fileRef = DE248B677DD7408BF7CB1CCC /* Pods_Cal.framework */; };
		34D49C7A1F24C0670003299A /* Event.swift in Sources */ = {isa = PBXBuildFile; fileRef = 34D49C791F24C0670003299A /* Event.swift */; };
		34D49C7C1F24C3B90003299A /* Globals.swift in Sources */ = {isa = PBXBuildFile; fileRef = 34D49C7B1F24C3B90003299A /* Globals.swift */; };
		34D49C7F1F24D0D00003299A /* DayLabel.swift in Sources */ = {isa = PBXBuildFile; fileRef = 34D49C7E1F24D0D00003299A /* DayLabel.swift */; };
		34D49C851F24D69E0003299A /* CalendarCell.xib in Resources */ = {isa = PBXBuildFile; fileRef = 34D49C841F24D69E0003299A /* CalendarCell.xib */; };
		35970D851F1F3929009858FF /* AppDelegate.swift in Sources */ = {isa = PBXBuildFile; fileRef = 35970D841F1F3929009858FF /* AppDelegate.swift */; };
		35970D871F1F3929009858FF /* CalendarVC.swift in Sources */ = {isa = PBXBuildFile; fileRef = 35970D861F1F3929009858FF /* CalendarVC.swift */; };
		35970D8A1F1F3929009858FF /* Main.storyboard in Resources */ = {isa = PBXBuildFile; fileRef = 35970D881F1F3929009858FF /* Main.storyboard */; };
		35970D8C1F1F3929009858FF /* Assets.xcassets in Resources */ = {isa = PBXBuildFile; fileRef = 35970D8B1F1F3929009858FF /* Assets.xcassets */; };
		35970D8F1F1F3929009858FF /* LaunchScreen.storyboard in Resources */ = {isa = PBXBuildFile; fileRef = 35970D8D1F1F3929009858FF /* LaunchScreen.storyboard */; };
		35970D9A1F1F3929009858FF /* CalTests.swift in Sources */ = {isa = PBXBuildFile; fileRef = 35970D991F1F3929009858FF /* CalTests.swift */; };
		35970DA51F1F3929009858FF /* CalUITests.swift in Sources */ = {isa = PBXBuildFile; fileRef = 35970DA41F1F3929009858FF /* CalUITests.swift */; };
		35E56AB91F20FEFB00635086 /* CalendarCell.swift in Sources */ = {isa = PBXBuildFile; fileRef = 35E56AB81F20FEFB00635086 /* CalendarCell.swift */; };
		35E56ABD1F21428500635086 /* Events.db in Resources */ = {isa = PBXBuildFile; fileRef = 35E56ABC1F21428500635086 /* Events.db */; };
/* End PBXBuildFile section */

/* Begin PBXContainerItemProxy section */
		35970D961F1F3929009858FF /* PBXContainerItemProxy */ = {
			isa = PBXContainerItemProxy;
			containerPortal = 35970D791F1F3929009858FF /* Project object */;
			proxyType = 1;
			remoteGlobalIDString = 35970D801F1F3929009858FF;
			remoteInfo = Cal;
		};
		35970DA11F1F3929009858FF /* PBXContainerItemProxy */ = {
			isa = PBXContainerItemProxy;
			containerPortal = 35970D791F1F3929009858FF /* Project object */;
			proxyType = 1;
			remoteGlobalIDString = 35970D801F1F3929009858FF;
			remoteInfo = Cal;
		};
/* End PBXContainerItemProxy section */

/* Begin PBXFileReference section */
		34D49C791F24C0670003299A /* Event.swift */ = {isa = PBXFileReference; fileEncoding = 4; lastKnownFileType = sourcecode.swift; path = Event.swift; sourceTree = "<group>"; };
		34D49C7B1F24C3B90003299A /* Globals.swift */ = {isa = PBXFileReference; fileEncoding = 4; lastKnownFileType = sourcecode.swift; path = Globals.swift; sourceTree = "<group>"; };
		34D49C7E1F24D0D00003299A /* DayLabel.swift */ = {isa = PBXFileReference; fileEncoding = 4; lastKnownFileType = sourcecode.swift; path = DayLabel.swift; sourceTree = "<group>"; };
		34D49C841F24D69E0003299A /* CalendarCell.xib */ = {isa = PBXFileReference; fileEncoding = 4; lastKnownFileType = file.xib; path = CalendarCell.xib; sourceTree = "<group>"; };
		35970D811F1F3929009858FF /* Cal.app */ = {isa = PBXFileReference; explicitFileType = wrapper.application; includeInIndex = 0; path = Cal.app; sourceTree = BUILT_PRODUCTS_DIR; };
		35970D841F1F3929009858FF /* AppDelegate.swift */ = {isa = PBXFileReference; lastKnownFileType = sourcecode.swift; path = AppDelegate.swift; sourceTree = "<group>"; };
		35970D861F1F3929009858FF /* CalendarVC.swift */ = {isa = PBXFileReference; lastKnownFileType = sourcecode.swift; path = CalendarVC.swift; sourceTree = "<group>"; };
		35970D891F1F3929009858FF /* Base */ = {isa = PBXFileReference; lastKnownFileType = file.storyboard; name = Base; path = Base.lproj/Main.storyboard; sourceTree = "<group>"; };
		35970D8B1F1F3929009858FF /* Assets.xcassets */ = {isa = PBXFileReference; lastKnownFileType = folder.assetcatalog; path = Assets.xcassets; sourceTree = "<group>"; };
		35970D8E1F1F3929009858FF /* Base */ = {isa = PBXFileReference; lastKnownFileType = file.storyboard; name = Base; path = Base.lproj/LaunchScreen.storyboard; sourceTree = "<group>"; };
		35970D901F1F3929009858FF /* Info.plist */ = {isa = PBXFileReference; lastKnownFileType = text.plist.xml; path = Info.plist; sourceTree = "<group>"; };
		35970D951F1F3929009858FF /* CalTests.xctest */ = {isa = PBXFileReference; explicitFileType = wrapper.cfbundle; includeInIndex = 0; path = CalTests.xctest; sourceTree = BUILT_PRODUCTS_DIR; };
		35970D991F1F3929009858FF /* CalTests.swift */ = {isa = PBXFileReference; lastKnownFileType = sourcecode.swift; path = CalTests.swift; sourceTree = "<group>"; };
		35970D9B1F1F3929009858FF /* Info.plist */ = {isa = PBXFileReference; lastKnownFileType = text.plist.xml; path = Info.plist; sourceTree = "<group>"; };
		35970DA01F1F3929009858FF /* CalUITests.xctest */ = {isa = PBXFileReference; explicitFileType = wrapper.cfbundle; includeInIndex = 0; path = CalUITests.xctest; sourceTree = BUILT_PRODUCTS_DIR; };
		35970DA41F1F3929009858FF /* CalUITests.swift */ = {isa = PBXFileReference; lastKnownFileType = sourcecode.swift; path = CalUITests.swift; sourceTree = "<group>"; };
		35970DA61F1F3929009858FF /* Info.plist */ = {isa = PBXFileReference; lastKnownFileType = text.plist.xml; path = Info.plist; sourceTree = "<group>"; };
		35E56AB81F20FEFB00635086 /* CalendarCell.swift */ = {isa = PBXFileReference; fileEncoding = 4; lastKnownFileType = sourcecode.swift; path = CalendarCell.swift; sourceTree = "<group>"; };
		35E56ABC1F21428500635086 /* Events.db */ = {isa = PBXFileReference; lastKnownFileType = file; path = Events.db; sourceTree = "<group>"; };
		D43D8DC816895AED0016A8FE /* Pods-Cal.release.xcconfig */ = {isa = PBXFileReference; includeInIndex = 1; lastKnownFileType = text.xcconfig; name = "Pods-Cal.release.xcconfig"; path = "Pods/Target Support Files/Pods-Cal/Pods-Cal.release.xcconfig"; sourceTree = "<group>"; };
		DE248B677DD7408BF7CB1CCC /* Pods_Cal.framework */ = {isa = PBXFileReference; explicitFileType = wrapper.framework; includeInIndex = 0; path = Pods_Cal.framework; sourceTree = BUILT_PRODUCTS_DIR; };
		E5AC0F38603E11983A966D30 /* Pods-Cal.debug.xcconfig */ = {isa = PBXFileReference; includeInIndex = 1; lastKnownFileType = text.xcconfig; name = "Pods-Cal.debug.xcconfig"; path = "Pods/Target Support Files/Pods-Cal/Pods-Cal.debug.xcconfig"; sourceTree = "<group>"; };
/* End PBXFileReference section */

/* Begin PBXFrameworksBuildPhase section */
		35970D7E1F1F3929009858FF /* Frameworks */ = {
			isa = PBXFrameworksBuildPhase;
			buildActionMask = 2147483647;
			files = (
				08D82EEA1DDC75D55DB9D1F9 /* Pods_Cal.framework in Frameworks */,
			);
			runOnlyForDeploymentPostprocessing = 0;
		};
		35970D921F1F3929009858FF /* Frameworks */ = {
			isa = PBXFrameworksBuildPhase;
			buildActionMask = 2147483647;
			files = (
			);
			runOnlyForDeploymentPostprocessing = 0;
		};
		35970D9D1F1F3929009858FF /* Frameworks */ = {
			isa = PBXFrameworksBuildPhase;
			buildActionMask = 2147483647;
			files = (
			);
			runOnlyForDeploymentPostprocessing = 0;
		};
/* End PBXFrameworksBuildPhase section */

/* Begin PBXGroup section */
		34D49C761F24C0190003299A /* View */ = {
			isa = PBXGroup;
			children = (
				35E56AB81F20FEFB00635086 /* CalendarCell.swift */,
				34D49C7E1F24D0D00003299A /* DayLabel.swift */,
				34D49C841F24D69E0003299A /* CalendarCell.xib */,
			);
			name = View;
			sourceTree = "<group>";
		};
		34D49C771F24C0220003299A /* Model */ = {
			isa = PBXGroup;
			children = (
				34D49C791F24C0670003299A /* Event.swift */,
			);
			name = Model;
			sourceTree = "<group>";
		};
		34D49C781F24C02A0003299A /* Controller */ = {
			isa = PBXGroup;
			children = (
				35970D861F1F3929009858FF /* CalendarVC.swift */,
			);
			name = Controller;
			sourceTree = "<group>";
		};
		34D49C7D1F24C3C00003299A /* Resources */ = {
			isa = PBXGroup;
			children = (
				34D49C7B1F24C3B90003299A /* Globals.swift */,
			);
			name = Resources;
			sourceTree = "<group>";
		};
		35970D781F1F3929009858FF = {
			isa = PBXGroup;
			children = (
				35970D831F1F3929009858FF /* Cal */,
				35970D981F1F3929009858FF /* CalTests */,
				35970DA31F1F3929009858FF /* CalUITests */,
				35970D821F1F3929009858FF /* Products */,
				6DF00CE983EB7944D261D20C /* Pods */,
				B247DA822FD8793D6A742E09 /* Frameworks */,
			);
			sourceTree = "<group>";
		};
		35970D821F1F3929009858FF /* Products */ = {
			isa = PBXGroup;
			children = (
				35970D811F1F3929009858FF /* Cal.app */,
				35970D951F1F3929009858FF /* CalTests.xctest */,
				35970DA01F1F3929009858FF /* CalUITests.xctest */,
			);
			name = Products;
			sourceTree = "<group>";
		};
		35970D831F1F3929009858FF /* Cal */ = {
			isa = PBXGroup;
			children = (
				34D49C7D1F24C3C00003299A /* Resources */,
				34D49C781F24C02A0003299A /* Controller */,
				34D49C771F24C0220003299A /* Model */,
				34D49C761F24C0190003299A /* View */,
				35970D841F1F3929009858FF /* AppDelegate.swift */,
				35970D881F1F3929009858FF /* Main.storyboard */,
				35970D8B1F1F3929009858FF /* Assets.xcassets */,
				35970D8D1F1F3929009858FF /* LaunchScreen.storyboard */,
				35970D901F1F3929009858FF /* Info.plist */,
				35E56ABC1F21428500635086 /* Events.db */,
			);
			path = Cal;
			sourceTree = "<group>";
		};
		35970D981F1F3929009858FF /* CalTests */ = {
			isa = PBXGroup;
			children = (
				35970D991F1F3929009858FF /* CalTests.swift */,
				35970D9B1F1F3929009858FF /* Info.plist */,
			);
			path = CalTests;
			sourceTree = "<group>";
		};
		35970DA31F1F3929009858FF /* CalUITests */ = {
			isa = PBXGroup;
			children = (
				35970DA41F1F3929009858FF /* CalUITests.swift */,
				35970DA61F1F3929009858FF /* Info.plist */,
			);
			path = CalUITests;
			sourceTree = "<group>";
		};
		6DF00CE983EB7944D261D20C /* Pods */ = {
			isa = PBXGroup;
			children = (
				E5AC0F38603E11983A966D30 /* Pods-Cal.debug.xcconfig */,
				D43D8DC816895AED0016A8FE /* Pods-Cal.release.xcconfig */,
			);
			name = Pods;
			sourceTree = "<group>";
		};
		B247DA822FD8793D6A742E09 /* Frameworks */ = {
			isa = PBXGroup;
			children = (
				DE248B677DD7408BF7CB1CCC /* Pods_Cal.framework */,
			);
			name = Frameworks;
			sourceTree = "<group>";
		};
/* End PBXGroup section */

/* Begin PBXNativeTarget section */
		35970D801F1F3929009858FF /* Cal */ = {
			isa = PBXNativeTarget;
			buildConfigurationList = 35970DA91F1F3929009858FF /* Build configuration list for PBXNativeTarget "Cal" */;
			buildPhases = (
				3F74742F2D131B35D65E1781 /* [CP] Check Pods Manifest.lock */,
				35970D7D1F1F3929009858FF /* Sources */,
				35970D7E1F1F3929009858FF /* Frameworks */,
				35970D7F1F1F3929009858FF /* Resources */,
				187FAC5DF578373B2F3A61E0 /* [CP] Embed Pods Frameworks */,
				ECB73F65AB48CE7BFA4C864C /* [CP] Copy Pods Resources */,
			);
			buildRules = (
			);
			dependencies = (
			);
			name = Cal;
			productName = Cal;
			productReference = 35970D811F1F3929009858FF /* Cal.app */;
			productType = "com.apple.product-type.application";
		};
		35970D941F1F3929009858FF /* CalTests */ = {
			isa = PBXNativeTarget;
			buildConfigurationList = 35970DAC1F1F3929009858FF /* Build configuration list for PBXNativeTarget "CalTests" */;
			buildPhases = (
				35970D911F1F3929009858FF /* Sources */,
				35970D921F1F3929009858FF /* Frameworks */,
				35970D931F1F3929009858FF /* Resources */,
			);
			buildRules = (
			);
			dependencies = (
				35970D971F1F3929009858FF /* PBXTargetDependency */,
			);
			name = CalTests;
			productName = CalTests;
			productReference = 35970D951F1F3929009858FF /* CalTests.xctest */;
			productType = "com.apple.product-type.bundle.unit-test";
		};
		35970D9F1F1F3929009858FF /* CalUITests */ = {
			isa = PBXNativeTarget;
			buildConfigurationList = 35970DAF1F1F3929009858FF /* Build configuration list for PBXNativeTarget "CalUITests" */;
			buildPhases = (
				35970D9C1F1F3929009858FF /* Sources */,
				35970D9D1F1F3929009858FF /* Frameworks */,
				35970D9E1F1F3929009858FF /* Resources */,
			);
			buildRules = (
			);
			dependencies = (
				35970DA21F1F3929009858FF /* PBXTargetDependency */,
			);
			name = CalUITests;
			productName = CalUITests;
			productReference = 35970DA01F1F3929009858FF /* CalUITests.xctest */;
			productType = "com.apple.product-type.bundle.ui-testing";
		};
/* End PBXNativeTarget section */

/* Begin PBXProject section */
		35970D791F1F3929009858FF /* Project object */ = {
			isa = PBXProject;
			attributes = {
				LastSwiftUpdateCheck = 0830;
				LastUpgradeCheck = 0830;
				ORGANIZATIONNAME = "Danoosh Chamani";
				TargetAttributes = {
					35970D801F1F3929009858FF = {
						CreatedOnToolsVersion = 8.3.3;
						DevelopmentTeam = 928ZGZ8C49;
						ProvisioningStyle = Automatic;
					};
					35970D941F1F3929009858FF = {
						CreatedOnToolsVersion = 8.3.3;
						DevelopmentTeam = WGP7ZR3MEM;
						ProvisioningStyle = Automatic;
						TestTargetID = 35970D801F1F3929009858FF;
					};
					35970D9F1F1F3929009858FF = {
						CreatedOnToolsVersion = 8.3.3;
						DevelopmentTeam = WGP7ZR3MEM;
						ProvisioningStyle = Automatic;
						TestTargetID = 35970D801F1F3929009858FF;
					};
				};
			};
			buildConfigurationList = 35970D7C1F1F3929009858FF /* Build configuration list for PBXProject "Cal" */;
			compatibilityVersion = "Xcode 3.2";
			developmentRegion = English;
			hasScannedForEncodings = 0;
			knownRegions = (
				en,
				Base,
			);
			mainGroup = 35970D781F1F3929009858FF;
			productRefGroup = 35970D821F1F3929009858FF /* Products */;
			projectDirPath = "";
			projectRoot = "";
			targets = (
				35970D801F1F3929009858FF /* Cal */,
				35970D941F1F3929009858FF /* CalTests */,
				35970D9F1F1F3929009858FF /* CalUITests */,
			);
		};
/* End PBXProject section */

/* Begin PBXResourcesBuildPhase section */
		35970D7F1F1F3929009858FF /* Resources */ = {
			isa = PBXResourcesBuildPhase;
			buildActionMask = 2147483647;
			files = (
				35970D8F1F1F3929009858FF /* LaunchScreen.storyboard in Resources */,
				35970D8C1F1F3929009858FF /* Assets.xcassets in Resources */,
				35E56ABD1F21428500635086 /* Events.db in Resources */,
				35970D8A1F1F3929009858FF /* Main.storyboard in Resources */,
				34D49C851F24D69E0003299A /* CalendarCell.xib in Resources */,
			);
			runOnlyForDeploymentPostprocessing = 0;
		};
		35970D931F1F3929009858FF /* Resources */ = {
			isa = PBXResourcesBuildPhase;
			buildActionMask = 2147483647;
			files = (
			);
			runOnlyForDeploymentPostprocessing = 0;
		};
		35970D9E1F1F3929009858FF /* Resources */ = {
			isa = PBXResourcesBuildPhase;
			buildActionMask = 2147483647;
			files = (
			);
			runOnlyForDeploymentPostprocessing = 0;
		};
/* End PBXResourcesBuildPhase section */

/* Begin PBXShellScriptBuildPhase section */
		187FAC5DF578373B2F3A61E0 /* [CP] Embed Pods Frameworks */ = {
			isa = PBXShellScriptBuildPhase;
			buildActionMask = 2147483647;
			files = (
			);
			inputPaths = (
			);
			name = "[CP] Embed Pods Frameworks";
			outputPaths = (
			);
			runOnlyForDeploymentPostprocessing = 0;
			shellPath = /bin/sh;
			shellScript = "\"${SRCROOT}/Pods/Target Support Files/Pods-Cal/Pods-Cal-frameworks.sh\"\n";
			showEnvVarsInLog = 0;
		};
		3F74742F2D131B35D65E1781 /* [CP] Check Pods Manifest.lock */ = {
			isa = PBXShellScriptBuildPhase;
			buildActionMask = 2147483647;
			files = (
			);
			inputPaths = (
			);
			name = "[CP] Check Pods Manifest.lock";
			outputPaths = (
			);
			runOnlyForDeploymentPostprocessing = 0;
			shellPath = /bin/sh;
			shellScript = "diff \"${PODS_PODFILE_DIR_PATH}/Podfile.lock\" \"${PODS_ROOT}/Manifest.lock\" > /dev/null\nif [ $? != 0 ] ; then\n    # print error to STDERR\n    echo \"error: The sandbox is not in sync with the Podfile.lock. Run 'pod install' or update your CocoaPods installation.\" >&2\n    exit 1\nfi\n";
			showEnvVarsInLog = 0;
		};
		ECB73F65AB48CE7BFA4C864C /* [CP] Copy Pods Resources */ = {
			isa = PBXShellScriptBuildPhase;
			buildActionMask = 2147483647;
			files = (
			);
			inputPaths = (
			);
			name = "[CP] Copy Pods Resources";
			outputPaths = (
			);
			runOnlyForDeploymentPostprocessing = 0;
			shellPath = /bin/sh;
			shellScript = "\"${SRCROOT}/Pods/Target Support Files/Pods-Cal/Pods-Cal-resources.sh\"\n";
			showEnvVarsInLog = 0;
		};
/* End PBXShellScriptBuildPhase section */

/* Begin PBXSourcesBuildPhase section */
		35970D7D1F1F3929009858FF /* Sources */ = {
			isa = PBXSourcesBuildPhase;
			buildActionMask = 2147483647;
			files = (
				34D49C7A1F24C0670003299A /* Event.swift in Sources */,
				35970D871F1F3929009858FF /* CalendarVC.swift in Sources */,
				35E56AB91F20FEFB00635086 /* CalendarCell.swift in Sources */,
				34D49C7C1F24C3B90003299A /* Globals.swift in Sources */,
				34D49C7F1F24D0D00003299A /* DayLabel.swift in Sources */,
				35970D851F1F3929009858FF /* AppDelegate.swift in Sources */,
			);
			runOnlyForDeploymentPostprocessing = 0;
		};
		35970D911F1F3929009858FF /* Sources */ = {
			isa = PBXSourcesBuildPhase;
			buildActionMask = 2147483647;
			files = (
				35970D9A1F1F3929009858FF /* CalTests.swift in Sources */,
			);
			runOnlyForDeploymentPostprocessing = 0;
		};
		35970D9C1F1F3929009858FF /* Sources */ = {
			isa = PBXSourcesBuildPhase;
			buildActionMask = 2147483647;
			files = (
				35970DA51F1F3929009858FF /* CalUITests.swift in Sources */,
			);
			runOnlyForDeploymentPostprocessing = 0;
		};
/* End PBXSourcesBuildPhase section */

/* Begin PBXTargetDependency section */
		35970D971F1F3929009858FF /* PBXTargetDependency */ = {
			isa = PBXTargetDependency;
			target = 35970D801F1F3929009858FF /* Cal */;
			targetProxy = 35970D961F1F3929009858FF /* PBXContainerItemProxy */;
		};
		35970DA21F1F3929009858FF /* PBXTargetDependency */ = {
			isa = PBXTargetDependency;
			target = 35970D801F1F3929009858FF /* Cal */;
			targetProxy = 35970DA11F1F3929009858FF /* PBXContainerItemProxy */;
		};
/* End PBXTargetDependency section */

/* Begin PBXVariantGroup section */
		35970D881F1F3929009858FF /* Main.storyboard */ = {
			isa = PBXVariantGroup;
			children = (
				35970D891F1F3929009858FF /* Base */,
			);
			name = Main.storyboard;
			sourceTree = "<group>";
		};
		35970D8D1F1F3929009858FF /* LaunchScreen.storyboard */ = {
			isa = PBXVariantGroup;
			children = (
				35970D8E1F1F3929009858FF /* Base */,
			);
			name = LaunchScreen.storyboard;
			sourceTree = "<group>";
		};
/* End PBXVariantGroup section */

/* Begin XCBuildConfiguration section */
		35970DA71F1F3929009858FF /* Debug */ = {
			isa = XCBuildConfiguration;
			buildSettings = {
				ALWAYS_SEARCH_USER_PATHS = NO;
				CLANG_ANALYZER_NONNULL = YES;
				CLANG_ANALYZER_NUMBER_OBJECT_CONVERSION = YES_AGGRESSIVE;
				CLANG_CXX_LANGUAGE_STANDARD = "gnu++0x";
				CLANG_CXX_LIBRARY = "libc++";
				CLANG_ENABLE_MODULES = YES;
				CLANG_ENABLE_OBJC_ARC = YES;
				CLANG_WARN_BOOL_CONVERSION = YES;
				CLANG_WARN_CONSTANT_CONVERSION = YES;
				CLANG_WARN_DIRECT_OBJC_ISA_USAGE = YES_ERROR;
				CLANG_WARN_DOCUMENTATION_COMMENTS = YES;
				CLANG_WARN_EMPTY_BODY = YES;
				CLANG_WARN_ENUM_CONVERSION = YES;
				CLANG_WARN_INFINITE_RECURSION = YES;
				CLANG_WARN_INT_CONVERSION = YES;
				CLANG_WARN_OBJC_ROOT_CLASS = YES_ERROR;
				CLANG_WARN_SUSPICIOUS_MOVE = YES;
				CLANG_WARN_UNREACHABLE_CODE = YES;
				CLANG_WARN__DUPLICATE_METHOD_MATCH = YES;
				"CODE_SIGN_IDENTITY[sdk=iphoneos*]" = "iPhone Developer";
				COPY_PHASE_STRIP = NO;
				DEBUG_INFORMATION_FORMAT = dwarf;
				ENABLE_STRICT_OBJC_MSGSEND = YES;
				ENABLE_TESTABILITY = YES;
				GCC_C_LANGUAGE_STANDARD = gnu99;
				GCC_DYNAMIC_NO_PIC = NO;
				GCC_NO_COMMON_BLOCKS = YES;
				GCC_OPTIMIZATION_LEVEL = 0;
				GCC_PREPROCESSOR_DEFINITIONS = (
					"DEBUG=1",
					"$(inherited)",
				);
				GCC_WARN_64_TO_32_BIT_CONVERSION = YES;
				GCC_WARN_ABOUT_RETURN_TYPE = YES_ERROR;
				GCC_WARN_UNDECLARED_SELECTOR = YES;
				GCC_WARN_UNINITIALIZED_AUTOS = YES_AGGRESSIVE;
				GCC_WARN_UNUSED_FUNCTION = YES;
				GCC_WARN_UNUSED_VARIABLE = YES;
				IPHONEOS_DEPLOYMENT_TARGET = 10.3;
				MTL_ENABLE_DEBUG_INFO = YES;
				ONLY_ACTIVE_ARCH = YES;
				SDKROOT = iphoneos;
				SWIFT_ACTIVE_COMPILATION_CONDITIONS = DEBUG;
				SWIFT_OPTIMIZATION_LEVEL = "-Onone";
			};
			name = Debug;
		};
		35970DA81F1F3929009858FF /* Release */ = {
			isa = XCBuildConfiguration;
			buildSettings = {
				ALWAYS_SEARCH_USER_PATHS = NO;
				CLANG_ANALYZER_NONNULL = YES;
				CLANG_ANALYZER_NUMBER_OBJECT_CONVERSION = YES_AGGRESSIVE;
				CLANG_CXX_LANGUAGE_STANDARD = "gnu++0x";
				CLANG_CXX_LIBRARY = "libc++";
				CLANG_ENABLE_MODULES = YES;
				CLANG_ENABLE_OBJC_ARC = YES;
				CLANG_WARN_BOOL_CONVERSION = YES;
				CLANG_WARN_CONSTANT_CONVERSION = YES;
				CLANG_WARN_DIRECT_OBJC_ISA_USAGE = YES_ERROR;
				CLANG_WARN_DOCUMENTATION_COMMENTS = YES;
				CLANG_WARN_EMPTY_BODY = YES;
				CLANG_WARN_ENUM_CONVERSION = YES;
				CLANG_WARN_INFINITE_RECURSION = YES;
				CLANG_WARN_INT_CONVERSION = YES;
				CLANG_WARN_OBJC_ROOT_CLASS = YES_ERROR;
				CLANG_WARN_SUSPICIOUS_MOVE = YES;
				CLANG_WARN_UNREACHABLE_CODE = YES;
				CLANG_WARN__DUPLICATE_METHOD_MATCH = YES;
				"CODE_SIGN_IDENTITY[sdk=iphoneos*]" = "iPhone Developer";
				COPY_PHASE_STRIP = NO;
				DEBUG_INFORMATION_FORMAT = "dwarf-with-dsym";
				ENABLE_NS_ASSERTIONS = NO;
				ENABLE_STRICT_OBJC_MSGSEND = YES;
				GCC_C_LANGUAGE_STANDARD = gnu99;
				GCC_NO_COMMON_BLOCKS = YES;
				GCC_WARN_64_TO_32_BIT_CONVERSION = YES;
				GCC_WARN_ABOUT_RETURN_TYPE = YES_ERROR;
				GCC_WARN_UNDECLARED_SELECTOR = YES;
				GCC_WARN_UNINITIALIZED_AUTOS = YES_AGGRESSIVE;
				GCC_WARN_UNUSED_FUNCTION = YES;
				GCC_WARN_UNUSED_VARIABLE = YES;
				IPHONEOS_DEPLOYMENT_TARGET = 10.3;
				MTL_ENABLE_DEBUG_INFO = NO;
				SDKROOT = iphoneos;
				SWIFT_OPTIMIZATION_LEVEL = "-Owholemodule";
				VALIDATE_PRODUCT = YES;
			};
			name = Release;
		};
		35970DAA1F1F3929009858FF /* Debug */ = {
			isa = XCBuildConfiguration;
			baseConfigurationReference = E5AC0F38603E11983A966D30 /* Pods-Cal.debug.xcconfig */;
			buildSettings = {
				ASSETCATALOG_COMPILER_APPICON_NAME = AppIcon;
				DEVELOPMENT_TEAM = 928ZGZ8C49;
				INFOPLIST_FILE = Cal/Info.plist;
				IPHONEOS_DEPLOYMENT_TARGET = 10.0;
				LD_RUNPATH_SEARCH_PATHS = "$(inherited) @executable_path/Frameworks";
				PRODUCT_BUNDLE_IDENTIFIER = D.Chamani.Cal;
				PRODUCT_NAME = "$(TARGET_NAME)";
				SWIFT_VERSION = 3.0;
			};
			name = Debug;
		};
		35970DAB1F1F3929009858FF /* Release */ = {
			isa = XCBuildConfiguration;
			baseConfigurationReference = D43D8DC816895AED0016A8FE /* Pods-Cal.release.xcconfig */;
			buildSettings = {
				ASSETCATALOG_COMPILER_APPICON_NAME = AppIcon;
				DEVELOPMENT_TEAM = 928ZGZ8C49;
				INFOPLIST_FILE = Cal/Info.plist;
				IPHONEOS_DEPLOYMENT_TARGET = 10.0;
				LD_RUNPATH_SEARCH_PATHS = "$(inherited) @executable_path/Frameworks";
				PRODUCT_BUNDLE_IDENTIFIER = D.Chamani.Cal;
				PRODUCT_NAME = "$(TARGET_NAME)";
				SWIFT_VERSION = 3.0;
			};
			name = Release;
		};
		35970DAD1F1F3929009858FF /* Debug */ = {
			isa = XCBuildConfiguration;
			buildSettings = {
				ALWAYS_EMBED_SWIFT_STANDARD_LIBRARIES = YES;
				BUNDLE_LOADER = "$(TEST_HOST)";
				DEVELOPMENT_TEAM = WGP7ZR3MEM;
				INFOPLIST_FILE = CalTests/Info.plist;
				LD_RUNPATH_SEARCH_PATHS = "$(inherited) @executable_path/Frameworks @loader_path/Frameworks";
				PRODUCT_BUNDLE_IDENTIFIER = D.Chamani.CalTests;
				PRODUCT_NAME = "$(TARGET_NAME)";
				SWIFT_VERSION = 3.0;
				TEST_HOST = "$(BUILT_PRODUCTS_DIR)/Cal.app/Cal";
			};
			name = Debug;
		};
		35970DAE1F1F3929009858FF /* Release */ = {
			isa = XCBuildConfiguration;
			buildSettings = {
				ALWAYS_EMBED_SWIFT_STANDARD_LIBRARIES = YES;
				BUNDLE_LOADER = "$(TEST_HOST)";
				DEVELOPMENT_TEAM = WGP7ZR3MEM;
				INFOPLIST_FILE = CalTests/Info.plist;
				LD_RUNPATH_SEARCH_PATHS = "$(inherited) @executable_path/Frameworks @loader_path/Frameworks";
				PRODUCT_BUNDLE_IDENTIFIER = D.Chamani.CalTests;
				PRODUCT_NAME = "$(TARGET_NAME)";
				SWIFT_VERSION = 3.0;
				TEST_HOST = "$(BUILT_PRODUCTS_DIR)/Cal.app/Cal";
			};
			name = Release;
		};
		35970DB01F1F3929009858FF /* Debug */ = {
			isa = XCBuildConfiguration;
			buildSettings = {
				ALWAYS_EMBED_SWIFT_STANDARD_LIBRARIES = YES;
				DEVELOPMENT_TEAM = WGP7ZR3MEM;
				INFOPLIST_FILE = CalUITests/Info.plist;
				LD_RUNPATH_SEARCH_PATHS = "$(inherited) @executable_path/Frameworks @loader_path/Frameworks";
				PRODUCT_BUNDLE_IDENTIFIER = D.Chamani.CalUITests;
				PRODUCT_NAME = "$(TARGET_NAME)";
				SWIFT_VERSION = 3.0;
				TEST_TARGET_NAME = Cal;
			};
			name = Debug;
		};
		35970DB11F1F3929009858FF /* Release */ = {
			isa = XCBuildConfiguration;
			buildSettings = {
				ALWAYS_EMBED_SWIFT_STANDARD_LIBRARIES = YES;
				DEVELOPMENT_TEAM = WGP7ZR3MEM;
				INFOPLIST_FILE = CalUITests/Info.plist;
				LD_RUNPATH_SEARCH_PATHS = "$(inherited) @executable_path/Frameworks @loader_path/Frameworks";
				PRODUCT_BUNDLE_IDENTIFIER = D.Chamani.CalUITests;
				PRODUCT_NAME = "$(TARGET_NAME)";
				SWIFT_VERSION = 3.0;
				TEST_TARGET_NAME = Cal;
			};
			name = Release;
		};
/* End XCBuildConfiguration section */

/* Begin XCConfigurationList section */
		35970D7C1F1F3929009858FF /* Build configuration list for PBXProject "Cal" */ = {
			isa = XCConfigurationList;
			buildConfigurations = (
				35970DA71F1F3929009858FF /* Debug */,
				35970DA81F1F3929009858FF /* Release */,
			);
			defaultConfigurationIsVisible = 0;
			defaultConfigurationName = Release;
		};
		35970DA91F1F3929009858FF /* Build configuration list for PBXNativeTarget "Cal" */ = {
			isa = XCConfigurationList;
			buildConfigurations = (
				35970DAA1F1F3929009858FF /* Debug */,
				35970DAB1F1F3929009858FF /* Release */,
			);
			defaultConfigurationIsVisible = 0;
			defaultConfigurationName = Release;
		};
		35970DAC1F1F3929009858FF /* Build configuration list for PBXNativeTarget "CalTests" */ = {
			isa = XCConfigurationList;
			buildConfigurations = (
				35970DAD1F1F3929009858FF /* Debug */,
				35970DAE1F1F3929009858FF /* Release */,
			);
			defaultConfigurationIsVisible = 0;
			defaultConfigurationName = Release;
		};
		35970DAF1F1F3929009858FF /* Build configuration list for PBXNativeTarget "CalUITests" */ = {
			isa = XCConfigurationList;
			buildConfigurations = (
				35970DB01F1F3929009858FF /* Debug */,
				35970DB11F1F3929009858FF /* Release */,
			);
			defaultConfigurationIsVisible = 0;
			defaultConfigurationName = Release;
		};
/* End XCConfigurationList section */
	};
	rootObject = 35970D791F1F3929009858FF /* Project object */;
}
